
Microsoft Visual Studio Solution File, Format Version 12.00
# Visual Studio Version 17
VisualStudioVersion = 17.6.33815.320
MinimumVisualStudioVersion = 10.0.40219.1
Project("{FAE04EC0-301F-11D3-BF4B-00C04F79EFBC}") = "Minimal Chat Application", "Minimal Chat Application\Minimal Chat Application.csproj", "{E6C37BB7-CF22-4321-9E39-221A26BBAE03}"
EndProject
Global
	GlobalSection(SolutionConfigurationPlatforms) = preSolution
		Debug|Any CPU = Debug|Any CPU
		Release|Any CPU = Release|Any CPU
	EndGlobalSection
	GlobalSection(ProjectConfigurationPlatforms) = postSolution
		{E6C37BB7-CF22-4321-9E39-221A26BBAE03}.Debug|Any CPU.ActiveCfg = Debug|Any CPU
		{E6C37BB7-CF22-4321-9E39-221A26BBAE03}.Debug|Any CPU.Build.0 = Debug|Any CPU
		{E6C37BB7-CF22-4321-9E39-221A26BBAE03}.Release|Any CPU.ActiveCfg = Release|Any CPU
		{E6C37BB7-CF22-4321-9E39-221A26BBAE03}.Release|Any CPU.Build.0 = Release|Any CPU
	EndGlobalSection
	GlobalSection(SolutionProperties) = preSolution
		HideSolutionNode = FALSE
	EndGlobalSection
	GlobalSection(ExtensibilityGlobals) = postSolution
		SolutionGuid = {47B09B02-0233-4A70-9DD7-47E949DBC48A}
	EndGlobalSection
EndGlobal
